# THIS IS AN AUTOGENERATED FILE. DO NOT EDIT THIS FILE DIRECTLY.
# yarn lockfile v1


"@babel/eslint-parser@^7.19.1":
  version "7.22.15"
  resolved "https://registry.yarnpkg.com/@babel/eslint-parser/-/eslint-parser-7.22.15.tgz#263f059c476e29ca4972481a17b8b660cb025a34"
  integrity sha512-yc8OOBIQk1EcRrpizuARSQS0TWAcOMpEJ1aafhNznaeYkeL+OhqnDObGFylB8ka8VFF/sZc+S4RzHyO+3LjQxg==
  dependencies:
    "@nicolo-ribaudo/eslint-scope-5-internals" "5.1.1-v1"
    eslint-visitor-keys "^2.1.0"
    semver "^6.3.1"

"@nicolo-ribaudo/eslint-scope-5-internals@5.1.1-v1":
  version "5.1.1-v1"
  resolved "https://registry.yarnpkg.com/@nicolo-ribaudo/eslint-scope-5-internals/-/eslint-scope-5-internals-5.1.1-v1.tgz#dbf733a965ca47b1973177dc0bb6c889edcfb129"
  integrity sha512-54/JRvkLIzzDWshCWfuhadfrfZVPiElY8Fcgmg1HroEly/EDSszzhBAsarCux+D/kOslTRquNzuyGSmUSTTHGg==
  dependencies:
    eslint-scope "5.1.1"

eslint-scope@5.1.1:
  version "5.1.1"
  resolved "https://registry.yarnpkg.com/eslint-scope/-/eslint-scope-5.1.1.tgz#e786e59a66cb92b3f6c1fb0d508aab174848f48c"
  integrity sha512-2NxwbF/hZ0KpepYN0cNbo+FN6XoK7GaHlQhgx/hIZl6Va0bF45RQOOwhLIy8lQDbuCiadSLCBnH2CFYquit5bw==
  dependencies:
    esrecurse "^4.3.0"
    estraverse "^4.1.1"

eslint-visitor-keys@^2.1.0:
  version "2.1.0"
  resolved "https://registry.yarnpkg.com/eslint-visitor-keys/-/eslint-visitor-keys-2.1.0.tgz#f65328259305927392c938ed44eb0a5c9b2bd303"
  integrity sha512-0rSmRBzXgDzIsD6mGdJgevzgezI534Cer5L/vyMX0kHzT/jiB43jRhd9YUlMGYLQy2zprNmoT8qasCGtY+QaKw==

esrecurse@^4.3.0:
  version "4.3.0"
  resolved "https://registry.yarnpkg.com/esrecurse/-/esrecurse-4.3.0.tgz#7ad7964d679abb28bee72cec63758b1c5d2c9921"
  integrity sha512-KmfKL3b6G+RXvP8N1vr3Tq1kL/oCFgn2NYXEtqP8/L3pKapUA4G8cFVaoF3SU323CD4XypR/ffioHmkti6/Tag==
  dependencies:
    estraverse "^5.2.0"

estraverse@^4.1.1:
  version "4.3.0"
  resolved "https://registry.yarnpkg.com/estraverse/-/estraverse-4.3.0.tgz#398ad3f3c5a24948be7725e83d11a7de28cdbd1d"
  integrity sha512-39nnKffWz8xN1BU/2c79n9nB9HDzo0niYUqx6xyqUnyoAnQyyWpOTdZEeiCch8BBu515t4wp9ZmgVfVhn9EBpw==

estraverse@^5.2.0:
  version "5.3.0"
  resolved "https://registry.yarnpkg.com/estraverse/-/estraverse-5.3.0.tgz#2eea5290702f26ab8fe5370370ff86c965d21123"
  integrity sha512-MMdARuVEQziNTeJD8DgMqmhwR11BRQ/cBP+pLtYdSTnf3MIO8fFeiINEbX36ZdNlfU/7A9f3gUw49B3oQsvwBA==

react-native-zendrive@^7.0.0:
  version "7.0.0"
  resolved "https://registry.yarnpkg.com/react-native-zendrive/-/react-native-zendrive-7.0.0.tgz#d97f4d4de67ee5d1db08287e6d2ce4ef027ecfa9"
  integrity sha512-E6LGMo6pXnr4C2Esol2AF6273WtF2uOyRV2g8ZpTgD/iaMfh9w0l3HUY/Ab/cHPPKoQfvlHt7yAP9jpP3JZqeQ==
  dependencies:
    "@babel/eslint-parser" "^7.19.1"

semver@^6.3.1:
  version "6.3.1"
  resolved "https://registry.yarnpkg.com/semver/-/semver-6.3.1.tgz#556d2ef8689146e46dcea4bfdd095f3434dffcb4"
  integrity sha512-BR7VvDCVHO+q2xBEWskxS6DJE1qRnb7DxzUrogb71CWoSficBxYsiAGd+Kl0mmq/MprG9yArRkyrQxTO6XjMzA==
